// !$*UTF8*$!
{
	archiveVersion = 1;
	classes = {
	};
	objectVersion = 56;
	objects = {

/* Begin PBXBuildFile section */
		E245985D2ACC5D2E005BFF2D /* Weekly_PayrollApp.swift in Sources */ = {isa = PBXBuildFile; fileRef = E245985C2ACC5D2E005BFF2D /* Weekly_PayrollApp.swift */; };
		E245985F2ACC5D2E005BFF2D /* ContentView.swift in Sources */ = {isa = PBXBuildFile; fileRef = E245985E2ACC5D2E005BFF2D /* ContentView.swift */; };
		E24598612ACC5D30005BFF2D /* Assets.xcassets in Resources */ = {isa = PBXBuildFile; fileRef = E24598602ACC5D30005BFF2D /* Assets.xcassets */; };
		E24598642ACC5D30005BFF2D /* Preview Assets.xcassets in Resources */ = {isa = PBXBuildFile; fileRef = E24598632ACC5D30005BFF2D /* Preview Assets.xcassets */; };
		E245986E2ACC5D30005BFF2D /* Weekly_PayrollTests.swift in Sources */ = {isa = PBXBuildFile; fileRef = E245986D2ACC5D30005BFF2D /* Weekly_PayrollTests.swift */; };
		E24598782ACC5D30005BFF2D /* Weekly_PayrollUITests.swift in Sources */ = {isa = PBXBuildFile; fileRef = E24598772ACC5D30005BFF2D /* Weekly_PayrollUITests.swift */; };
		E245987A2ACC5D30005BFF2D /* Weekly_PayrollUITestsLaunchTests.swift in Sources */ = {isa = PBXBuildFile; fileRef = E24598792ACC5D30005BFF2D /* Weekly_PayrollUITestsLaunchTests.swift */; };
/* End PBXBuildFile section */

/* Begin PBXContainerItemProxy section */
		E245986A2ACC5D30005BFF2D /* PBXContainerItemProxy */ = {
			isa = PBXContainerItemProxy;
			containerPortal = E24598512ACC5D2E005BFF2D /* Project object */;
			proxyType = 1;
			remoteGlobalIDString = E24598582ACC5D2E005BFF2D;
			remoteInfo = "Weekly Payroll";
		};
		E24598742ACC5D30005BFF2D /* PBXContainerItemProxy */ = {
			isa = PBXContainerItemProxy;
			containerPortal = E24598512ACC5D2E005BFF2D /* Project object */;
			proxyType = 1;
			remoteGlobalIDString = E24598582ACC5D2E005BFF2D;
			remoteInfo = "Weekly Payroll";
		};
/* End PBXContainerItemProxy section */

/* Begin PBXFileReference section */
		E24598592ACC5D2E005BFF2D /* Weekly Payroll.app */ = {isa = PBXFileReference; explicitFileType = wrapper.application; includeInIndex = 0; path = "Weekly Payroll.app"; sourceTree = BUILT_PRODUCTS_DIR; };
		E245985C2ACC5D2E005BFF2D /* Weekly_PayrollApp.swift */ = {isa = PBXFileReference; lastKnownFileType = sourcecode.swift; path = Weekly_PayrollApp.swift; sourceTree = "<group>"; };
		E245985E2ACC5D2E005BFF2D /* ContentView.swift */ = {isa = PBXFileReference; lastKnownFileType = sourcecode.swift; path = ContentView.swift; sourceTree = "<group>"; };
		E24598602ACC5D30005BFF2D /* Assets.xcassets */ = {isa = PBXFileReference; lastKnownFileType = folder.assetcatalog; path = Assets.xcassets; sourceTree = "<group>"; };
		E24598632ACC5D30005BFF2D /* Preview Assets.xcassets */ = {isa = PBXFileReference; lastKnownFileType = folder.assetcatalog; path = "Preview Assets.xcassets"; sourceTree = "<group>"; };
		E24598692ACC5D30005BFF2D /* Weekly PayrollTests.xctest */ = {isa = PBXFileReference; explicitFileType = wrapper.cfbundle; includeInIndex = 0; path = "Weekly PayrollTests.xctest"; sourceTree = BUILT_PRODUCTS_DIR; };
		E245986D2ACC5D30005BFF2D /* Weekly_PayrollTests.swift */ = {isa = PBXFileReference; lastKnownFileType = sourcecode.swift; path = Weekly_PayrollTests.swift; sourceTree = "<group>"; };
		E24598732ACC5D30005BFF2D /* Weekly PayrollUITests.xctest */ = {isa = PBXFileReference; explicitFileType = wrapper.cfbundle; includeInIndex = 0; path = "Weekly PayrollUITests.xctest"; sourceTree = BUILT_PRODUCTS_DIR; };
		E24598772ACC5D30005BFF2D /* Weekly_PayrollUITests.swift */ = {isa = PBXFileReference; lastKnownFileType = sourcecode.swift; path = Weekly_PayrollUITests.swift; sourceTree = "<group>"; };
		E24598792ACC5D30005BFF2D /* Weekly_PayrollUITestsLaunchTests.swift */ = {isa = PBXFileReference; lastKnownFileType = sourcecode.swift; path = Weekly_PayrollUITestsLaunchTests.swift; sourceTree = "<group>"; };
/* End PBXFileReference section */

/* Begin PBXFrameworksBuildPhase section */
		E24598562ACC5D2E005BFF2D /* Frameworks */ = {
			isa = PBXFrameworksBuildPhase;
			buildActionMask = 2147483647;
			files = (
			);
			runOnlyForDeploymentPostprocessing = 0;
		};
		E24598662ACC5D30005BFF2D /* Frameworks */ = {
			isa = PBXFrameworksBuildPhase;
			buildActionMask = 2147483647;
			files = (
			);
			runOnlyForDeploymentPostprocessing = 0;
		};
		E24598702ACC5D30005BFF2D /* Frameworks */ = {
			isa = PBXFrameworksBuildPhase;
			buildActionMask = 2147483647;
			files = (
			);
			runOnlyForDeploymentPostprocessing = 0;
		};
/* End PBXFrameworksBuildPhase section */

/* Begin PBXGroup section */
		E24598502ACC5D2E005BFF2D = {
			isa = PBXGroup;
			children = (
				E245985B2ACC5D2E005BFF2D /* Weekly Payroll */,
				E245986C2ACC5D30005BFF2D /* Weekly PayrollTests */,
				E24598762ACC5D30005BFF2D /* Weekly PayrollUITests */,
				E245985A2ACC5D2E005BFF2D /* Products */,
			);
			sourceTree = "<group>";
		};
		E245985A2ACC5D2E005BFF2D /* Products */ = {
			isa = PBXGroup;
			children = (
				E24598592ACC5D2E005BFF2D /* Weekly Payroll.app */,
				E24598692ACC5D30005BFF2D /* Weekly PayrollTests.xctest */,
				E24598732ACC5D30005BFF2D /* Weekly PayrollUITests.xctest */,
			);
			name = Products;
			sourceTree = "<group>";
		};
		E245985B2ACC5D2E005BFF2D /* Weekly Payroll */ = {
			isa = PBXGroup;
			children = (
				E245985C2ACC5D2E005BFF2D /* Weekly_PayrollApp.swift */,
				E245985E2ACC5D2E005BFF2D /* ContentView.swift */,
				E24598602ACC5D30005BFF2D /* Assets.xcassets */,
				E24598622ACC5D30005BFF2D /* Preview Content */,
			);
			path = "Weekly Payroll";
			sourceTree = "<group>";
		};
		E24598622ACC5D30005BFF2D /* Preview Content */ = {
			isa = PBXGroup;
			children = (
				E24598632ACC5D30005BFF2D /* Preview Assets.xcassets */,
			);
			path = "Preview Content";
			sourceTree = "<group>";
		};
		E245986C2ACC5D30005BFF2D /* Weekly PayrollTests */ = {
			isa = PBXGroup;
			children = (
				E245986D2ACC5D30005BFF2D /* Weekly_PayrollTests.swift */,
			);
			path = "Weekly PayrollTests";
			sourceTree = "<group>";
		};
		E24598762ACC5D30005BFF2D /* Weekly PayrollUITests */ = {
			isa = PBXGroup;
			children = (
				E24598772ACC5D30005BFF2D /* Weekly_PayrollUITests.swift */,
				E24598792ACC5D30005BFF2D /* Weekly_PayrollUITestsLaunchTests.swift */,
			);
			path = "Weekly PayrollUITests";
			sourceTree = "<group>";
		};
/* End PBXGroup section */

/* Begin PBXNativeTarget section */
		E24598582ACC5D2E005BFF2D /* Weekly Payroll */ = {
			isa = PBXNativeTarget;
			buildConfigurationList = E245987D2ACC5D30005BFF2D /* Build configuration list for PBXNativeTarget "Weekly Payroll" */;
			buildPhases = (
				E24598552ACC5D2E005BFF2D /* Sources */,
				E24598562ACC5D2E005BFF2D /* Frameworks */,
				E24598572ACC5D2E005BFF2D /* Resources */,
			);
			buildRules = (
			);
			dependencies = (
			);
			name = "Weekly Payroll";
			productName = "Weekly Payroll";
			productReference = E24598592ACC5D2E005BFF2D /* Weekly Payroll.app */;
			productType = "com.apple.product-type.application";
		};
		E24598682ACC5D30005BFF2D /* Weekly PayrollTests */ = {
			isa = PBXNativeTarget;
			buildConfigurationList = E24598802ACC5D30005BFF2D /* Build configuration list for PBXNativeTarget "Weekly PayrollTests" */;
			buildPhases = (
				E24598652ACC5D30005BFF2D /* Sources */,
				E24598662ACC5D30005BFF2D /* Frameworks */,
				E24598672ACC5D30005BFF2D /* Resources */,
			);
			buildRules = (
			);
			dependencies = (
				E245986B2ACC5D30005BFF2D /* PBXTargetDependency */,
			);
			name = "Weekly PayrollTests";
			productName = "Weekly PayrollTests";
			productReference = E24598692ACC5D30005BFF2D /* Weekly PayrollTests.xctest */;
			productType = "com.apple.product-type.bundle.unit-test";
		};
		E24598722ACC5D30005BFF2D /* Weekly PayrollUITests */ = {
			isa = PBXNativeTarget;
			buildConfigurationList = E24598832ACC5D30005BFF2D /* Build configuration list for PBXNativeTarget "Weekly PayrollUITests" */;
			buildPhases = (
				E245986F2ACC5D30005BFF2D /* Sources */,
				E24598702ACC5D30005BFF2D /* Frameworks */,
				E24598712ACC5D30005BFF2D /* Resources */,
			);
			buildRules = (
			);
			dependencies = (
				E24598752ACC5D30005BFF2D /* PBXTargetDependency */,
			);
			name = "Weekly PayrollUITests";
			productName = "Weekly PayrollUITests";
			productReference = E24598732ACC5D30005BFF2D /* Weekly PayrollUITests.xctest */;
			productType = "com.apple.product-type.bundle.ui-testing";
		};
/* End PBXNativeTarget section */

/* Begin PBXProject section */
		E24598512ACC5D2E005BFF2D /* Project object */ = {
			isa = PBXProject;
			attributes = {
				BuildIndependentTargetsInParallel = 1;
				LastSwiftUpdateCheck = 1430;
				LastUpgradeCheck = 1430;
				TargetAttributes = {
					E24598582ACC5D2E005BFF2D = {
						CreatedOnToolsVersion = 14.3.1;
					};
					E24598682ACC5D30005BFF2D = {
						CreatedOnToolsVersion = 14.3.1;
						TestTargetID = E24598582ACC5D2E005BFF2D;
					};
					E24598722ACC5D30005BFF2D = {
						CreatedOnToolsVersion = 14.3.1;
						TestTargetID = E24598582ACC5D2E005BFF2D;
					};
				};
			};
			buildConfigurationList = E24598542ACC5D2E005BFF2D /* Build configuration list for PBXProject "Weekly Payroll" */;
			compatibilityVersion = "Xcode 14.0";
			developmentRegion = en;
			hasScannedForEncodings = 0;
			knownRegions = (
				en,
				Base,
			);
			mainGroup = E24598502ACC5D2E005BFF2D;
			productRefGroup = E245985A2ACC5D2E005BFF2D /* Products */;
			projectDirPath = "";
			projectRoot = "";
			targets = (
				E24598582ACC5D2E005BFF2D /* Weekly Payroll */,
				E24598682ACC5D30005BFF2D /* Weekly PayrollTests */,
				E24598722ACC5D30005BFF2D /* Weekly PayrollUITests */,
			);
		};
/* End PBXProject section */

/* Begin PBXResourcesBuildPhase section */
		E24598572ACC5D2E005BFF2D /* Resources */ = {
			isa = PBXResourcesBuildPhase;
			buildActionMask = 2147483647;
			files = (
				E24598642ACC5D30005BFF2D /* Preview Assets.xcassets in Resources */,
				E24598612ACC5D30005BFF2D /* Assets.xcassets in Resources */,
			);
			runOnlyForDeploymentPostprocessing = 0;
		};
		E24598672ACC5D30005BFF2D /* Resources */ = {
			isa = PBXResourcesBuildPhase;
			buildActionMask = 2147483647;
			files = (
			);
			runOnlyForDeploymentPostprocessing = 0;
		};
		E24598712ACC5D30005BFF2D /* Resources */ = {
			isa = PBXResourcesBuildPhase;
			buildActionMask = 2147483647;
			files = (
			);
			runOnlyForDeploymentPostprocessing = 0;
		};
/* End PBXResourcesBuildPhase section */

/* Begin PBXSourcesBuildPhase section */
		E24598552ACC5D2E005BFF2D /* Sources */ = {
			isa = PBXSourcesBuildPhase;
			buildActionMask = 2147483647;
			files = (
				E245985F2ACC5D2E005BFF2D /* ContentView.swift in Sources */,
				E245985D2ACC5D2E005BFF2D /* Weekly_PayrollApp.swift in Sources */,
			);
			runOnlyForDeploymentPostprocessing = 0;
		};
		E24598652ACC5D30005BFF2D /* Sources */ = {
			isa = PBXSourcesBuildPhase;
			buildActionMask = 2147483647;
			files = (
				E245986E2ACC5D30005BFF2D /* Weekly_PayrollTests.swift in Sources */,
			);
			runOnlyForDeploymentPostprocessing = 0;
		};
		E245986F2ACC5D30005BFF2D /* Sources */ = {
			isa = PBXSourcesBuildPhase;
			buildActionMask = 2147483647;
			files = (
				E24598782ACC5D30005BFF2D /* Weekly_PayrollUITests.swift in Sources */,
				E245987A2ACC5D30005BFF2D /* Weekly_PayrollUITestsLaunchTests.swift in Sources */,
			);
			runOnlyForDeploymentPostprocessing = 0;
		};
/* End PBXSourcesBuildPhase section */

/* Begin PBXTargetDependency section */
		E245986B2ACC5D30005BFF2D /* PBXTargetDependency */ = {
			isa = PBXTargetDependency;
			target = E24598582ACC5D2E005BFF2D /* Weekly Payroll */;
			targetProxy = E245986A2ACC5D30005BFF2D /* PBXContainerItemProxy */;
		};
		E24598752ACC5D30005BFF2D /* PBXTargetDependency */ = {
			isa = PBXTargetDependency;
			target = E24598582ACC5D2E005BFF2D /* Weekly Payroll */;
			targetProxy = E24598742ACC5D30005BFF2D /* PBXContainerItemProxy */;
		};
/* End PBXTargetDependency section */

/* Begin XCBuildConfiguration section */
		E245987B2ACC5D30005BFF2D /* Debug */ = {
			isa = XCBuildConfiguration;
			buildSettings = {
				ALWAYS_SEARCH_USER_PATHS = NO;
				CLANG_ANALYZER_NONNULL = YES;
				CLANG_ANALYZER_NUMBER_OBJECT_CONVERSION = YES_AGGRESSIVE;
				CLANG_CXX_LANGUAGE_STANDARD = "gnu++20";
				CLANG_ENABLE_MODULES = YES;
				CLANG_ENABLE_OBJC_ARC = YES;
				CLANG_ENABLE_OBJC_WEAK = YES;
				CLANG_WARN_BLOCK_CAPTURE_AUTORELEASING = YES;
				CLANG_WARN_BOOL_CONVERSION = YES;
				CLANG_WARN_COMMA = YES;
				CLANG_WARN_CONSTANT_CONVERSION = YES;
				CLANG_WARN_DEPRECATED_OBJC_IMPLEMENTATIONS = YES;
				CLANG_WARN_DIRECT_OBJC_ISA_USAGE = YES_ERROR;
				CLANG_WARN_DOCUMENTATION_COMMENTS = YES;
				CLANG_WARN_EMPTY_BODY = YES;
				CLANG_WARN_ENUM_CONVERSION = YES;
				CLANG_WARN_INFINITE_RECURSION = YES;
				CLANG_WARN_INT_CONVERSION = YES;
				CLANG_WARN_NON_LITERAL_NULL_CONVERSION = YES;
				CLANG_WARN_OBJC_IMPLICIT_RETAIN_SELF = YES;
				CLANG_WARN_OBJC_LITERAL_CONVERSION = YES;
				CLANG_WARN_OBJC_ROOT_CLASS = YES_ERROR;
				CLANG_WARN_QUOTED_INCLUDE_IN_FRAMEWORK_HEADER = YES;
				CLANG_WARN_RANGE_LOOP_ANALYSIS = YES;
				CLANG_WARN_STRICT_PROTOTYPES = YES;
				CLANG_WARN_SUSPICIOUS_MOVE = YES;
				CLANG_WARN_UNGUARDED_AVAILABILITY = YES_AGGRESSIVE;
				CLANG_WARN_UNREACHABLE_CODE = YES;
				CLANG_WARN__DUPLICATE_METHOD_MATCH = YES;
				COPY_PHASE_STRIP = NO;
				DEBUG_INFORMATION_FORMAT = dwarf;
				ENABLE_STRICT_OBJC_MSGSEND = YES;
				ENABLE_TESTABILITY = YES;
				GCC_C_LANGUAGE_STANDARD = gnu11;
				GCC_DYNAMIC_NO_PIC = NO;
				GCC_NO_COMMON_BLOCKS = YES;
				GCC_OPTIMIZATION_LEVEL = 0;
				GCC_PREPROCESSOR_DEFINITIONS = (
					"DEBUG=1",
					"$(inherited)",
				);
				GCC_WARN_64_TO_32_BIT_CONVERSION = YES;
				GCC_WARN_ABOUT_RETURN_TYPE = YES_ERROR;
				GCC_WARN_UNDECLARED_SELECTOR = YES;
				GCC_WARN_UNINITIALIZED_AUTOS = YES_AGGRESSIVE;
				GCC_WARN_UNUSED_FUNCTION = YES;
				GCC_WARN_UNUSED_VARIABLE = YES;
				IPHONEOS_DEPLOYMENT_TARGET = 16.4;
				MTL_ENABLE_DEBUG_INFO = INCLUDE_SOURCE;
				MTL_FAST_MATH = YES;
				ONLY_ACTIVE_ARCH = YES;
				SDKROOT = iphoneos;
				SWIFT_ACTIVE_COMPILATION_CONDITIONS = DEBUG;
				SWIFT_OPTIMIZATION_LEVEL = "-Onone";
			};
			name = Debug;
		};
		E245987C2ACC5D30005BFF2D /* Release */ = {
			isa = XCBuildConfiguration;
			buildSettings = {
				ALWAYS_SEARCH_USER_PATHS = NO;
				CLANG_ANALYZER_NONNULL = YES;
				CLANG_ANALYZER_NUMBER_OBJECT_CONVERSION = YES_AGGRESSIVE;
				CLANG_CXX_LANGUAGE_STANDARD = "gnu++20";
				CLANG_ENABLE_MODULES = YES;
				CLANG_ENABLE_OBJC_ARC = YES;
				CLANG_ENABLE_OBJC_WEAK = YES;
				CLANG_WARN_BLOCK_CAPTURE_AUTORELEASING = YES;
				CLANG_WARN_BOOL_CONVERSION = YES;
				CLANG_WARN_COMMA = YES;
				CLANG_WARN_CONSTANT_CONVERSION = YES;
				CLANG_WARN_DEPRECATED_OBJC_IMPLEMENTATIONS = YES;
				CLANG_WARN_DIRECT_OBJC_ISA_USAGE = YES_ERROR;
				CLANG_WARN_DOCUMENTATION_COMMENTS = YES;
				CLANG_WARN_EMPTY_BODY = YES;
				CLANG_WARN_ENUM_CONVERSION = YES;
				CLANG_WARN_INFINITE_RECURSION = YES;
				CLANG_WARN_INT_CONVERSION = YES;
				CLANG_WARN_NON_LITERAL_NULL_CONVERSION = YES;
				CLANG_WARN_OBJC_IMPLICIT_RETAIN_SELF = YES;
				CLANG_WARN_OBJC_LITERAL_CONVERSION = YES;
				CLANG_WARN_OBJC_ROOT_CLASS = YES_ERROR;
				CLANG_WARN_QUOTED_INCLUDE_IN_FRAMEWORK_HEADER = YES;
				CLANG_WARN_RANGE_LOOP_ANALYSIS = YES;
				CLANG_WARN_STRICT_PROTOTYPES = YES;
				CLANG_WARN_SUSPICIOUS_MOVE = YES;
				CLANG_WARN_UNGUARDED_AVAILABILITY = YES_AGGRESSIVE;
				CLANG_WARN_UNREACHABLE_CODE = YES;
				CLANG_WARN__DUPLICATE_METHOD_MATCH = YES;
				COPY_PHASE_STRIP = NO;
				DEBUG_INFORMATION_FORMAT = "dwarf-with-dsym";
				ENABLE_NS_ASSERTIONS = NO;
				ENABLE_STRICT_OBJC_MSGSEND = YES;
				GCC_C_LANGUAGE_STANDARD = gnu11;
				GCC_NO_COMMON_BLOCKS = YES;
				GCC_WARN_64_TO_32_BIT_CONVERSION = YES;
				GCC_WARN_ABOUT_RETURN_TYPE = YES_ERROR;
				GCC_WARN_UNDECLARED_SELECTOR = YES;
				GCC_WARN_UNINITIALIZED_AUTOS = YES_AGGRESSIVE;
				GCC_WARN_UNUSED_FUNCTION = YES;
				GCC_WARN_UNUSED_VARIABLE = YES;
				IPHONEOS_DEPLOYMENT_TARGET = 16.4;
				MTL_ENABLE_DEBUG_INFO = NO;
				MTL_FAST_MATH = YES;
				SDKROOT = iphoneos;
				SWIFT_COMPILATION_MODE = wholemodule;
				SWIFT_OPTIMIZATION_LEVEL = "-O";
				VALIDATE_PRODUCT = YES;
			};
			name = Release;
		};
		E245987E2ACC5D30005BFF2D /* Debug */ = {
			isa = XCBuildConfiguration;
			buildSettings = {
				ASSETCATALOG_COMPILER_APPICON_NAME = AppIcon;
				ASSETCATALOG_COMPILER_GLOBAL_ACCENT_COLOR_NAME = AccentColor;
				CODE_SIGN_STYLE = Automatic;
				CURRENT_PROJECT_VERSION = 1;
				DEVELOPMENT_ASSET_PATHS = "\"Weekly Payroll/Preview Content\"";
				DEVELOPMENT_TEAM = 6MS443HR8T;
				ENABLE_PREVIEWS = YES;
				GENERATE_INFOPLIST_FILE = YES;
				INFOPLIST_KEY_UIApplicationSceneManifest_Generation = YES;
				INFOPLIST_KEY_UIApplicationSupportsIndirectInputEvents = YES;
				INFOPLIST_KEY_UILaunchScreen_Generation = YES;
				INFOPLIST_KEY_UISupportedInterfaceOrientations_iPad = "UIInterfaceOrientationPortrait UIInterfaceOrientationPortraitUpsideDown UIInterfaceOrientationLandscapeLeft UIInterfaceOrientationLandscapeRight";
				INFOPLIST_KEY_UISupportedInterfaceOrientations_iPhone = "UIInterfaceOrientationPortrait UIInterfaceOrientationLandscapeLeft UIInterfaceOrientationLandscapeRight";
				LD_RUNPATH_SEARCH_PATHS = (
					"$(inherited)",
					"@executable_path/Frameworks",
				);
				MARKETING_VERSION = 1.0;
				PRODUCT_BUNDLE_IDENTIFIER = "moblie-apps.Weekly-Payroll";
				PRODUCT_NAME = "$(TARGET_NAME)";
				SWIFT_EMIT_LOC_STRINGS = YES;
				SWIFT_VERSION = 5.0;
				TARGETED_DEVICE_FAMILY = "1,2";
			};
			name = Debug;
		};
		E245987F2ACC5D30005BFF2D /* Release */ = {
			isa = XCBuildConfiguration;
			buildSettings = {
				ASSETCATALOG_COMPILER_APPICON_NAME = AppIcon;
				ASSETCATALOG_COMPILER_GLOBAL_ACCENT_COLOR_NAME = AccentColor;
				CODE_SIGN_STYLE = Automatic;
				CURRENT_PROJECT_VERSION = 1;
				DEVELOPMENT_ASSET_PATHS = "\"Weekly Payroll/Preview Content\"";
				DEVELOPMENT_TEAM = 6MS443HR8T;
				ENABLE_PREVIEWS = YES;
				GENERATE_INFOPLIST_FILE = YES;
				INFOPLIST_KEY_UIApplicationSceneManifest_Generation = YES;
				INFOPLIST_KEY_UIApplicationSupportsIndirectInputEvents = YES;
				INFOPLIST_KEY_UILaunchScreen_Generation = YES;
				INFOPLIST_KEY_UISupportedInterfaceOrientations_iPad = "UIInterfaceOrientationPortrait UIInterfaceOrientationPortraitUpsideDown UIInterfaceOrientationLandscapeLeft UIInterfaceOrientationLandscapeRight";
				INFOPLIST_KEY_UISupportedInterfaceOrientations_iPhone = "UIInterfaceOrientationPortrait UIInterfaceOrientationLandscapeLeft UIInterfaceOrientationLandscapeRight";
				LD_RUNPATH_SEARCH_PATHS = (
					"$(inherited)",
					"@executable_path/Frameworks",
				);
				MARKETING_VERSION = 1.0;
				PRODUCT_BUNDLE_IDENTIFIER = "moblie-apps.Weekly-Payroll";
				PRODUCT_NAME = "$(TARGET_NAME)";
				SWIFT_EMIT_LOC_STRINGS = YES;
				SWIFT_VERSION = 5.0;
				TARGETED_DEVICE_FAMILY = "1,2";
			};
			name = Release;
		};
		E24598812ACC5D30005BFF2D /* Debug */ = {
			isa = XCBuildConfiguration;
			buildSettings = {
				ALWAYS_EMBED_SWIFT_STANDARD_LIBRARIES = YES;
				BUNDLE_LOADER = "$(TEST_HOST)";
				CODE_SIGN_STYLE = Automatic;
				CURRENT_PROJECT_VERSION = 1;
				DEVELOPMENT_TEAM = 6MS443HR8T;
				GENERATE_INFOPLIST_FILE = YES;
				IPHONEOS_DEPLOYMENT_TARGET = 16.4;
				MARKETING_VERSION = 1.0;
				PRODUCT_BUNDLE_IDENTIFIER = "moblie-apps.Weekly-PayrollTests";
				PRODUCT_NAME = "$(TARGET_NAME)";
				SWIFT_EMIT_LOC_STRINGS = NO;
				SWIFT_VERSION = 5.0;
				TARGETED_DEVICE_FAMILY = "1,2";
				TEST_HOST = "$(BUILT_PRODUCTS_DIR)/Weekly Payroll.app/$(BUNDLE_EXECUTABLE_FOLDER_PATH)/Weekly Payroll";
			};
			name = Debug;
		};
		E24598822ACC5D30005BFF2D /* Release */ = {
			isa = XCBuildConfiguration;
			buildSettings = {
				ALWAYS_EMBED_SWIFT_STANDARD_LIBRARIES = YES;
				BUNDLE_LOADER = "$(TEST_HOST)";
				CODE_SIGN_STYLE = Automatic;
				CURRENT_PROJECT_VERSION = 1;
				DEVELOPMENT_TEAM = 6MS443HR8T;
				GENERATE_INFOPLIST_FILE = YES;
				IPHONEOS_DEPLOYMENT_TARGET = 16.4;
				MARKETING_VERSION = 1.0;
				PRODUCT_BUNDLE_IDENTIFIER = "moblie-apps.Weekly-PayrollTests";
				PRODUCT_NAME = "$(TARGET_NAME)";
				SWIFT_EMIT_LOC_STRINGS = NO;
				SWIFT_VERSION = 5.0;
				TARGETED_DEVICE_FAMILY = "1,2";
				TEST_HOST = "$(BUILT_PRODUCTS_DIR)/Weekly Payroll.app/$(BUNDLE_EXECUTABLE_FOLDER_PATH)/Weekly Payroll";
			};
			name = Release;
		};
		E24598842ACC5D30005BFF2D /* Debug */ = {
			isa = XCBuildConfiguration;
			buildSettings = {
				ALWAYS_EMBED_SWIFT_STANDARD_LIBRARIES = YES;
				CODE_SIGN_STYLE = Automatic;
				CURRENT_PROJECT_VERSION = 1;
				DEVELOPMENT_TEAM = 6MS443HR8T;
				GENERATE_INFOPLIST_FILE = YES;
				MARKETING_VERSION = 1.0;
				PRODUCT_BUNDLE_IDENTIFIER = "moblie-apps.Weekly-PayrollUITests";
				PRODUCT_NAME = "$(TARGET_NAME)";
				SWIFT_EMIT_LOC_STRINGS = NO;
				SWIFT_VERSION = 5.0;
				TARGETED_DEVICE_FAMILY = "1,2";
				TEST_TARGET_NAME = "Weekly Payroll";
			};
			name = Debug;
		};
		E24598852ACC5D30005BFF2D /* Release */ = {
			isa = XCBuildConfiguration;
			buildSettings = {
				ALWAYS_EMBED_SWIFT_STANDARD_LIBRARIES = YES;
				CODE_SIGN_STYLE = Automatic;
				CURRENT_PROJECT_VERSION = 1;
				DEVELOPMENT_TEAM = 6MS443HR8T;
				GENERATE_INFOPLIST_FILE = YES;
				MARKETING_VERSION = 1.0;
				PRODUCT_BUNDLE_IDENTIFIER = "moblie-apps.Weekly-PayrollUITests";
				PRODUCT_NAME = "$(TARGET_NAME)";
				SWIFT_EMIT_LOC_STRINGS = NO;
				SWIFT_VERSION = 5.0;
				TARGETED_DEVICE_FAMILY = "1,2";
				TEST_TARGET_NAME = "Weekly Payroll";
			};
			name = Release;
		};
/* End XCBuildConfiguration section */

/* Begin XCConfigurationList section */
		E24598542ACC5D2E005BFF2D /* Build configuration list for PBXProject "Weekly Payroll" */ = {
			isa = XCConfigurationList;
			buildConfigurations = (
				E245987B2ACC5D30005BFF2D /* Debug */,
				E245987C2ACC5D30005BFF2D /* Release */,
			);
			defaultConfigurationIsVisible = 0;
			defaultConfigurationName = Release;
		};
		E245987D2ACC5D30005BFF2D /* Build configuration list for PBXNativeTarget "Weekly Payroll" */ = {
			isa = XCConfigurationList;
			buildConfigurations = (
				E245987E2ACC5D30005BFF2D /* Debug */,
				E245987F2ACC5D30005BFF2D /* Release */,
			);
			defaultConfigurationIsVisible = 0;
			defaultConfigurationName = Release;
		};
		E24598802ACC5D30005BFF2D /* Build configuration list for PBXNativeTarget "Weekly PayrollTests" */ = {
			isa = XCConfigurationList;
			buildConfigurations = (
				E24598812ACC5D30005BFF2D /* Debug */,
				E24598822ACC5D30005BFF2D /* Release */,
			);
			defaultConfigurationIsVisible = 0;
			defaultConfigurationName = Release;
		};
		E24598832ACC5D30005BFF2D /* Build configuration list for PBXNativeTarget "Weekly PayrollUITests" */ = {
			isa = XCConfigurationList;
			buildConfigurations = (
				E24598842ACC5D30005BFF2D /* Debug */,
				E24598852ACC5D30005BFF2D /* Release */,
			);
			defaultConfigurationIsVisible = 0;
			defaultConfigurationName = Release;
		};
/* End XCConfigurationList section */
	};
	rootObject = E24598512ACC5D2E005BFF2D /* Project object */;
}
